
Microsoft Visual Studio Solution File, Format Version 12.00
# Visual Studio Version 16
VisualStudioVersion = 16.0.30128.74
MinimumVisualStudioVersion = 10.0.40219.1
Project("{FAE04EC0-301F-11D3-BF4B-00C04F79EFBC}") = "showmsg", "showmsg.csproj", "{9D28EE32-7478-40A0-A17C-980B0F0D933A}"
EndProject
Global
	GlobalSection(SolutionConfigurationPlatforms) = preSolution
		Debug|Any CPU = Debug|Any CPU
		Release|Any CPU = Release|Any CPU
	EndGlobalSection
	GlobalSection(ProjectConfigurationPlatforms) = postSolution
		{9D28EE32-7478-40A0-A17C-980B0F0D933A}.Debug|Any CPU.ActiveCfg = Release|Any CPU
		{9D28EE32-7478-40A0-A17C-980B0F0D933A}.Debug|Any CPU.Build.0 = Release|Any CPU
		{9D28EE32-7478-40A0-A17C-980B0F0D933A}.Release|Any CPU.ActiveCfg = Release|Any CPU
		{9D28EE32-7478-40A0-A17C-980B0F0D933A}.Release|Any CPU.Build.0 = Release|Any CPU
	EndGlobalSection
	GlobalSection(SolutionProperties) = preSolution
		HideSolutionNode = FALSE
	EndGlobalSection
	GlobalSection(ExtensibilityGlobals) = postSolution
		SolutionGuid = {2E134E91-0F8B-401A-8036-A0A1FB2D9B98}
	EndGlobalSection
EndGlobal
